
Microsoft Visual Studio Solution File, Format Version 12.00
# Visual Studio Version 18
VisualStudioVersion = 18.0.11222.15
MinimumVisualStudioVersion = 10.0.40219.1
Project("{FAE04EC0-301F-11D3-BF4B-00C04F79EFBC}") = "Microsoft.Research.TouchMouseSensor", "Microsoft.Research.TouchMouseSensor\Microsoft.Research.TouchMouseSensor.csproj", "{3111BBCA-A6F1-4AC1-8F7A-EEBD261607B5}"
EndProject
Project("{9A19103F-16F7-4668-BE54-9A1E7A4F7556}") = "Extra", "Extra\Extra.csproj", "{8489C0D4-8C34-46C5-A0CF-B8A80097FAF3}"
EndProject
Project("{FAE04EC0-301F-11D3-BF4B-00C04F79EFBC}") = "Multi.Cursor", "Multi.Cursor\Multi.Cursor.csproj", "{CEF7FB35-8FC7-4C9A-A2E2-E05FADBF1E99}"
EndProject
Project("{FAE04EC0-301F-11D3-BF4B-00C04F79EFBC}") = "SubTask.ObjectSelection", "SubTask.ObjectSelection\SubTask.ObjectSelection.csproj", "{00274255-ED32-4FFF-8247-5532AB37366B}"
EndProject
Project("{FAE04EC0-301F-11D3-BF4B-00C04F79EFBC}") = "SubTask.FunctionSelection", "SubTask.FunctionSelection\SubTask.FunctionSelection.csproj", "{1C0ACAEB-616D-40DE-BC11-4E2D447955D9}"
EndProject
Project("{FAE04EC0-301F-11D3-BF4B-00C04F79EFBC}") = "SubTask.FunctionPointSelect", "SubTask.FunctionPointSelect\SubTask.FunctionPointSelect.csproj", "{4F483306-CDCE-4505-AFC6-B9F64FF17483}"
EndProject
Project("{FAE04EC0-301F-11D3-BF4B-00C04F79EFBC}") = "SubTask.Panel.Selection", "SubTask.Panel.Selection\SubTask.Panel.Selection.csproj", "{801F2C82-9880-4D84-9A2A-D155347EE459}"
EndProject
Project("{FAE04EC0-301F-11D3-BF4B-00C04F79EFBC}") = "SubTask.PanelNavigation", "SubTask.PanelNavigation\SubTask.PanelNavigation.csproj", "{3D5C8E3E-3E0E-43A1-8DEA-291B70400ED6}"
EndProject
Project("{FAE04EC0-301F-11D3-BF4B-00C04F79EFBC}") = "Common", "Common\Common.csproj", "{2FA25BF3-B63C-41D3-9881-229B316C748B}"
EndProject
Project("{FAE04EC0-301F-11D3-BF4B-00C04F79EFBC}") = "CommonUI", "CommonUI\CommonUI.csproj", "{A6861698-5453-4A15-A95D-5751F67C3D33}"
EndProject
Global
	GlobalSection(SolutionConfigurationPlatforms) = preSolution
		Debug|Any CPU = Debug|Any CPU
		Debug|x64 = Debug|x64
		Release|Any CPU = Release|Any CPU
		Release|x64 = Release|x64
	EndGlobalSection
	GlobalSection(ProjectConfigurationPlatforms) = postSolution
		{3111BBCA-A6F1-4AC1-8F7A-EEBD261607B5}.Debug|Any CPU.ActiveCfg = Debug|x64
		{3111BBCA-A6F1-4AC1-8F7A-EEBD261607B5}.Debug|Any CPU.Build.0 = Debug|x64
		{3111BBCA-A6F1-4AC1-8F7A-EEBD261607B5}.Debug|x64.ActiveCfg = Debug|x64
		{3111BBCA-A6F1-4AC1-8F7A-EEBD261607B5}.Debug|x64.Build.0 = Debug|x64
		{3111BBCA-A6F1-4AC1-8F7A-EEBD261607B5}.Release|Any CPU.ActiveCfg = Release|x64
		{3111BBCA-A6F1-4AC1-8F7A-EEBD261607B5}.Release|Any CPU.Build.0 = Release|x64
		{3111BBCA-A6F1-4AC1-8F7A-EEBD261607B5}.Release|x64.ActiveCfg = Release|x64
		{3111BBCA-A6F1-4AC1-8F7A-EEBD261607B5}.Release|x64.Build.0 = Release|x64
		{8489C0D4-8C34-46C5-A0CF-B8A80097FAF3}.Debug|Any CPU.ActiveCfg = Debug|x64
		{8489C0D4-8C34-46C5-A0CF-B8A80097FAF3}.Debug|x64.ActiveCfg = Debug|x64
		{8489C0D4-8C34-46C5-A0CF-B8A80097FAF3}.Release|Any CPU.ActiveCfg = Release|x64
		{8489C0D4-8C34-46C5-A0CF-B8A80097FAF3}.Release|Any CPU.Build.0 = Release|x64
		{8489C0D4-8C34-46C5-A0CF-B8A80097FAF3}.Release|x64.ActiveCfg = Release|x64
		{8489C0D4-8C34-46C5-A0CF-B8A80097FAF3}.Release|x64.Build.0 = Release|x64
		{CEF7FB35-8FC7-4C9A-A2E2-E05FADBF1E99}.Debug|Any CPU.ActiveCfg = Debug|x64
		{CEF7FB35-8FC7-4C9A-A2E2-E05FADBF1E99}.Debug|Any CPU.Build.0 = Debug|x64
		{CEF7FB35-8FC7-4C9A-A2E2-E05FADBF1E99}.Debug|x64.ActiveCfg = Debug|x64
		{CEF7FB35-8FC7-4C9A-A2E2-E05FADBF1E99}.Debug|x64.Build.0 = Debug|x64
		{CEF7FB35-8FC7-4C9A-A2E2-E05FADBF1E99}.Release|Any CPU.ActiveCfg = Release|x64
		{CEF7FB35-8FC7-4C9A-A2E2-E05FADBF1E99}.Release|Any CPU.Build.0 = Release|x64
		{CEF7FB35-8FC7-4C9A-A2E2-E05FADBF1E99}.Release|x64.ActiveCfg = Release|x64
		{CEF7FB35-8FC7-4C9A-A2E2-E05FADBF1E99}.Release|x64.Build.0 = Release|x64
		{00274255-ED32-4FFF-8247-5532AB37366B}.Debug|Any CPU.ActiveCfg = Debug|x64
		{00274255-ED32-4FFF-8247-5532AB37366B}.Debug|Any CPU.Build.0 = Debug|x64
		{00274255-ED32-4FFF-8247-5532AB37366B}.Debug|x64.ActiveCfg = Debug|x64
		{00274255-ED32-4FFF-8247-5532AB37366B}.Debug|x64.Build.0 = Debug|x64
		{00274255-ED32-4FFF-8247-5532AB37366B}.Release|Any CPU.ActiveCfg = Release|x64
		{00274255-ED32-4FFF-8247-5532AB37366B}.Release|Any CPU.Build.0 = Release|x64
		{00274255-ED32-4FFF-8247-5532AB37366B}.Release|x64.ActiveCfg = Release|x64
		{00274255-ED32-4FFF-8247-5532AB37366B}.Release|x64.Build.0 = Release|x64
		{1C0ACAEB-616D-40DE-BC11-4E2D447955D9}.Debug|Any CPU.ActiveCfg = Debug|x64
		{1C0ACAEB-616D-40DE-BC11-4E2D447955D9}.Debug|Any CPU.Build.0 = Debug|x64
		{1C0ACAEB-616D-40DE-BC11-4E2D447955D9}.Debug|x64.ActiveCfg = Debug|x64
		{1C0ACAEB-616D-40DE-BC11-4E2D447955D9}.Debug|x64.Build.0 = Debug|x64
		{1C0ACAEB-616D-40DE-BC11-4E2D447955D9}.Release|Any CPU.ActiveCfg = Release|x64
		{1C0ACAEB-616D-40DE-BC11-4E2D447955D9}.Release|Any CPU.Build.0 = Release|x64
		{1C0ACAEB-616D-40DE-BC11-4E2D447955D9}.Release|x64.ActiveCfg = Release|x64
		{1C0ACAEB-616D-40DE-BC11-4E2D447955D9}.Release|x64.Build.0 = Release|x64
		{4F483306-CDCE-4505-AFC6-B9F64FF17483}.Debug|Any CPU.ActiveCfg = Debug|x64
		{4F483306-CDCE-4505-AFC6-B9F64FF17483}.Debug|Any CPU.Build.0 = Debug|x64
		{4F483306-CDCE-4505-AFC6-B9F64FF17483}.Debug|x64.ActiveCfg = Debug|x64
		{4F483306-CDCE-4505-AFC6-B9F64FF17483}.Debug|x64.Build.0 = Debug|x64
		{4F483306-CDCE-4505-AFC6-B9F64FF17483}.Release|Any CPU.ActiveCfg = Release|x64
		{4F483306-CDCE-4505-AFC6-B9F64FF17483}.Release|Any CPU.Build.0 = Release|x64
		{4F483306-CDCE-4505-AFC6-B9F64FF17483}.Release|x64.ActiveCfg = Release|x64
		{4F483306-CDCE-4505-AFC6-B9F64FF17483}.Release|x64.Build.0 = Release|x64
		{801F2C82-9880-4D84-9A2A-D155347EE459}.Debug|Any CPU.ActiveCfg = Debug|x64
		{801F2C82-9880-4D84-9A2A-D155347EE459}.Debug|Any CPU.Build.0 = Debug|x64
		{801F2C82-9880-4D84-9A2A-D155347EE459}.Debug|x64.ActiveCfg = Debug|x64
		{801F2C82-9880-4D84-9A2A-D155347EE459}.Debug|x64.Build.0 = Debug|x64
		{801F2C82-9880-4D84-9A2A-D155347EE459}.Release|Any CPU.ActiveCfg = Release|x64
		{801F2C82-9880-4D84-9A2A-D155347EE459}.Release|Any CPU.Build.0 = Release|x64
		{801F2C82-9880-4D84-9A2A-D155347EE459}.Release|x64.ActiveCfg = Release|x64
		{801F2C82-9880-4D84-9A2A-D155347EE459}.Release|x64.Build.0 = Release|x64
		{3D5C8E3E-3E0E-43A1-8DEA-291B70400ED6}.Debug|Any CPU.ActiveCfg = Debug|x64
		{3D5C8E3E-3E0E-43A1-8DEA-291B70400ED6}.Debug|Any CPU.Build.0 = Debug|x64
		{3D5C8E3E-3E0E-43A1-8DEA-291B70400ED6}.Debug|x64.ActiveCfg = Debug|x64
		{3D5C8E3E-3E0E-43A1-8DEA-291B70400ED6}.Debug|x64.Build.0 = Debug|x64
		{3D5C8E3E-3E0E-43A1-8DEA-291B70400ED6}.Release|Any CPU.ActiveCfg = Release|x64
		{3D5C8E3E-3E0E-43A1-8DEA-291B70400ED6}.Release|Any CPU.Build.0 = Release|x64
		{3D5C8E3E-3E0E-43A1-8DEA-291B70400ED6}.Release|x64.ActiveCfg = Release|x64
		{3D5C8E3E-3E0E-43A1-8DEA-291B70400ED6}.Release|x64.Build.0 = Release|x64
		{2FA25BF3-B63C-41D3-9881-229B316C748B}.Debug|Any CPU.ActiveCfg = Debug|x64
		{2FA25BF3-B63C-41D3-9881-229B316C748B}.Debug|Any CPU.Build.0 = Debug|x64
		{2FA25BF3-B63C-41D3-9881-229B316C748B}.Debug|x64.ActiveCfg = Debug|x64
		{2FA25BF3-B63C-41D3-9881-229B316C748B}.Debug|x64.Build.0 = Debug|x64
		{2FA25BF3-B63C-41D3-9881-229B316C748B}.Release|Any CPU.ActiveCfg = Release|Any CPU
		{2FA25BF3-B63C-41D3-9881-229B316C748B}.Release|Any CPU.Build.0 = Release|Any CPU
		{2FA25BF3-B63C-41D3-9881-229B316C748B}.Release|x64.ActiveCfg = Release|x64
		{2FA25BF3-B63C-41D3-9881-229B316C748B}.Release|x64.Build.0 = Release|x64
		{A6861698-5453-4A15-A95D-5751F67C3D33}.Debug|Any CPU.ActiveCfg = Debug|Any CPU
		{A6861698-5453-4A15-A95D-5751F67C3D33}.Debug|Any CPU.Build.0 = Debug|Any CPU
		{A6861698-5453-4A15-A95D-5751F67C3D33}.Debug|x64.ActiveCfg = Debug|x64
		{A6861698-5453-4A15-A95D-5751F67C3D33}.Debug|x64.Build.0 = Debug|x64
		{A6861698-5453-4A15-A95D-5751F67C3D33}.Release|Any CPU.ActiveCfg = Release|Any CPU
		{A6861698-5453-4A15-A95D-5751F67C3D33}.Release|x64.ActiveCfg = Release|x64
	EndGlobalSection
	GlobalSection(SolutionProperties) = preSolution
		HideSolutionNode = FALSE
	EndGlobalSection
	GlobalSection(ExtensibilityGlobals) = postSolution
		SolutionGuid = {FD2B3BFE-8457-4D92-B552-900A22BA4F9E}
	EndGlobalSection
EndGlobal
